
Microsoft Visual Studio Solution File, Format Version 12.00
# Visual Studio Version 16
VisualStudioVersion = 16.0.31112.23
MinimumVisualStudioVersion = 10.0.40219.1
Project("{FAE04EC0-301F-11D3-BF4B-00C04F79EFBC}") = "SimpleLogBook", "SimpleLogBook\SimpleLogBook.csproj", "{B2556A96-1AF2-438C-9088-6EED52B063E8}"
EndProject
Global
	GlobalSection(SolutionConfigurationPlatforms) = preSolution
		Debug|Any CPU = Debug|Any CPU
		Release|Any CPU = Release|Any CPU
	EndGlobalSection
	GlobalSection(ProjectConfigurationPlatforms) = postSolution
		{B2556A96-1AF2-438C-9088-6EED52B063E8}.Debug|Any CPU.ActiveCfg = Debug|Any CPU
		{B2556A96-1AF2-438C-9088-6EED52B063E8}.Debug|Any CPU.Build.0 = Debug|Any CPU
		{B2556A96-1AF2-438C-9088-6EED52B063E8}.Release|Any CPU.ActiveCfg = Release|Any CPU
		{B2556A96-1AF2-438C-9088-6EED52B063E8}.Release|Any CPU.Build.0 = Release|Any CPU
	EndGlobalSection
	GlobalSection(SolutionProperties) = preSolution
		HideSolutionNode = FALSE
	EndGlobalSection
	GlobalSection(ExtensibilityGlobals) = postSolution
		SolutionGuid = {5CF69D83-F11F-4A94-AFFF-F86CB0D6E8FA}
	EndGlobalSection
EndGlobal
